{
  "version": 4,
  "terraform_version": "1.9.5",
  "serial": 257,
  "lineage": "85f00070-c6e3-0fab-fffa-93f579c046ca",
  "outputs": {
    "api_url": {
      "value": "https://8q7sjnyg7d.execute-api.us-east-1.amazonaws.com/prod/api/v1/acompanhamentos/{id}",
      "type": "string"
    },
    "data_query_lambda_function_name": {
      "value": "AcompanhamentoAPI",
      "type": "string"
    },
    "sqs_lambda_function_name": {
      "value": "AcompanhamentoSQS",
      "type": "string"
    },
    "sqs_queue_url": {
      "value": "https://sqs.us-east-1.amazonaws.com/765147163480/queue-acompanhamento",
      "type": "string"
    }
  },
  "resources": [
    {
      "mode": "managed",
      "type": "aws_api_gateway_api_key",
      "name": "api_key",
      "provider": "provider[\"registry.terraform.io/hashicorp/aws\"]",
      "instances": [
        {
          "schema_version": 0,
          "attributes": {
            "arn": "arn:aws:apigateway:us-east-1::/apikeys/2q5cqq81u7",
            "created_date": "2025-01-14T21:49:38Z",
            "customer_id": "",
            "description": "Managed by Terraform",
            "enabled": true,
            "id": "2q5cqq81u7",
            "last_updated_date": "2025-01-14T21:49:38Z",
            "name": "AcompanhamentoAPIKey",
            "tags": {},
            "tags_all": {},
            "value": "Q1woEjLsoU1z2k6w5XME23FFlzFbQDOE9ilcWgHu"
          },
          "sensitive_attributes": [
            [
              {
                "type": "get_attr",
                "value": "value"
              }
            ]
          ],
          "private": "bnVsbA=="
        }
      ]
    },
    {
      "mode": "managed",
      "type": "aws_api_gateway_deployment",
      "name": "api_deployment",
      "provider": "provider[\"registry.terraform.io/hashicorp/aws\"]",
      "instances": [
        {
          "schema_version": 0,
          "attributes": {
            "canary_settings": [],
            "created_date": "2025-01-14T21:50:00Z",
            "description": "",
            "execution_arn": "arn:aws:execute-api:us-east-1:765147163480:8q7sjnyg7d/",
            "id": "dxhqlw",
            "invoke_url": "https://8q7sjnyg7d.execute-api.us-east-1.amazonaws.com/",
            "rest_api_id": "8q7sjnyg7d",
            "stage_description": null,
            "stage_name": null,
            "triggers": null,
            "variables": null
          },
          "sensitive_attributes": [],
          "private": "bnVsbA==",
          "dependencies": [
            "aws_api_gateway_integration.lambda_integration",
            "aws_api_gateway_method.get_acompanhamentos",
            "aws_api_gateway_resource.acompanhamentos_path",
            "aws_api_gateway_resource.acompanhamentos_resource",
            "aws_api_gateway_resource.id_path",
            "aws_api_gateway_resource.v1_resource",
            "aws_api_gateway_rest_api.acompanhamento_api",
            "aws_lambda_function.api_lambda",
            "aws_s3_bucket.lambda_code_acompanhamento",
            "aws_s3_object.lambda_api_code"
          ]
        }
      ]
    },
    {
      "mode": "managed",
      "type": "aws_api_gateway_integration",
      "name": "lambda_integration",
      "provider": "provider[\"registry.terraform.io/hashicorp/aws\"]",
      "instances": [
        {
          "schema_version": 0,
          "attributes": {
            "cache_key_parameters": [],
            "cache_namespace": "qzq894",
            "connection_id": "",
            "connection_type": "INTERNET",
            "content_handling": "",
            "credentials": "",
            "http_method": "GET",
            "id": "agi-8q7sjnyg7d-qzq894-GET",
            "integration_http_method": "POST",
            "passthrough_behavior": "WHEN_NO_MATCH",
            "request_parameters": {},
            "request_templates": {},
            "resource_id": "qzq894",
            "rest_api_id": "8q7sjnyg7d",
            "timeout_milliseconds": 29000,
            "tls_config": [],
            "type": "AWS_PROXY",
            "uri": "arn:aws:apigateway:us-east-1:lambda:path/2015-03-31/functions/arn:aws:lambda:us-east-1:765147163480:function:AcompanhamentoAPI/invocations"
          },
          "sensitive_attributes": [],
          "private": "bnVsbA==",
          "dependencies": [
            "aws_api_gateway_method.get_acompanhamentos",
            "aws_api_gateway_resource.acompanhamentos_path",
            "aws_api_gateway_resource.acompanhamentos_resource",
            "aws_api_gateway_resource.id_path",
            "aws_api_gateway_resource.v1_resource",
            "aws_api_gateway_rest_api.acompanhamento_api",
            "aws_lambda_function.api_lambda",
            "aws_s3_bucket.lambda_code_acompanhamento",
            "aws_s3_object.lambda_api_code"
          ]
        }
      ]
    },
    {
      "mode": "managed",
      "type": "aws_api_gateway_method",
      "name": "get_acompanhamentos",
      "provider": "provider[\"registry.terraform.io/hashicorp/aws\"]",
      "instances": [
        {
          "schema_version": 0,
          "attributes": {
            "api_key_required": true,
            "authorization": "NONE",
            "authorization_scopes": [],
            "authorizer_id": "",
            "http_method": "GET",
            "id": "agm-8q7sjnyg7d-qzq894-GET",
            "operation_name": "",
            "request_models": {},
            "request_parameters": {},
            "request_validator_id": "",
            "resource_id": "qzq894",
            "rest_api_id": "8q7sjnyg7d"
          },
          "sensitive_attributes": [],
          "private": "bnVsbA==",
          "dependencies": [
            "aws_api_gateway_resource.acompanhamentos_path",
            "aws_api_gateway_resource.acompanhamentos_resource",
            "aws_api_gateway_resource.id_path",
            "aws_api_gateway_resource.v1_resource",
            "aws_api_gateway_rest_api.acompanhamento_api"
          ]
        }
      ]
    },
    {
      "mode": "managed",
      "type": "aws_api_gateway_resource",
      "name": "acompanhamentos_path",
      "provider": "provider[\"registry.terraform.io/hashicorp/aws\"]",
      "instances": [
        {
          "schema_version": 0,
          "attributes": {
            "id": "u7duoc",
            "parent_id": "cnt48d",
            "path": "/api/v1/acompanhamentos",
            "path_part": "acompanhamentos",
            "rest_api_id": "8q7sjnyg7d"
          },
          "sensitive_attributes": [],
          "private": "bnVsbA==",
          "dependencies": [
            "aws_api_gateway_resource.acompanhamentos_resource",
            "aws_api_gateway_resource.v1_resource",
            "aws_api_gateway_rest_api.acompanhamento_api"
          ]
        }
      ]
    },
    {
      "mode": "managed",
      "type": "aws_api_gateway_resource",
      "name": "acompanhamentos_resource",
      "provider": "provider[\"registry.terraform.io/hashicorp/aws\"]",
      "instances": [
        {
          "schema_version": 0,
          "attributes": {
            "id": "31252w",
            "parent_id": "e6w5z51e96",
            "path": "/api",
            "path_part": "api",
            "rest_api_id": "8q7sjnyg7d"
          },
          "sensitive_attributes": [],
          "private": "bnVsbA==",
          "dependencies": [
            "aws_api_gateway_rest_api.acompanhamento_api"
          ]
        }
      ]
    },
    {
      "mode": "managed",
      "type": "aws_api_gateway_resource",
      "name": "id_path",
      "provider": "provider[\"registry.terraform.io/hashicorp/aws\"]",
      "instances": [
        {
          "schema_version": 0,
          "attributes": {
            "id": "qzq894",
            "parent_id": "u7duoc",
            "path": "/api/v1/acompanhamentos/{id}",
            "path_part": "{id}",
            "rest_api_id": "8q7sjnyg7d"
          },
          "sensitive_attributes": [],
          "private": "bnVsbA==",
          "dependencies": [
            "aws_api_gateway_resource.acompanhamentos_path",
            "aws_api_gateway_resource.acompanhamentos_resource",
            "aws_api_gateway_resource.v1_resource",
            "aws_api_gateway_rest_api.acompanhamento_api"
          ]
        }
      ]
    },
    {
      "mode": "managed",
      "type": "aws_api_gateway_resource",
      "name": "v1_resource",
      "provider": "provider[\"registry.terraform.io/hashicorp/aws\"]",
      "instances": [
        {
          "schema_version": 0,
          "attributes": {
            "id": "cnt48d",
            "parent_id": "31252w",
            "path": "/api/v1",
            "path_part": "v1",
            "rest_api_id": "8q7sjnyg7d"
          },
          "sensitive_attributes": [],
          "private": "bnVsbA==",
          "dependencies": [
            "aws_api_gateway_resource.acompanhamentos_resource",
            "aws_api_gateway_rest_api.acompanhamento_api"
          ]
        }
      ]
    },
    {
      "mode": "managed",
      "type": "aws_api_gateway_rest_api",
      "name": "acompanhamento_api",
      "provider": "provider[\"registry.terraform.io/hashicorp/aws\"]",
      "instances": [
        {
          "schema_version": 0,
          "attributes": {
            "api_key_source": "HEADER",
            "arn": "arn:aws:apigateway:us-east-1::/restapis/8q7sjnyg7d",
            "binary_media_types": [],
            "body": null,
            "created_date": "2025-01-14T20:42:58Z",
            "description": "API Gateway para a Lambda AcompanhamentoAPI",
            "disable_execute_api_endpoint": false,
            "endpoint_configuration": [
              {
                "types": [
                  "EDGE"
                ],
                "vpc_endpoint_ids": []
              }
            ],
            "execution_arn": "arn:aws:execute-api:us-east-1:765147163480:8q7sjnyg7d",
            "fail_on_warnings": null,
            "id": "8q7sjnyg7d",
            "minimum_compression_size": "",
            "name": "AcompanhamentoAPI",
            "parameters": null,
            "policy": "",
            "put_rest_api_mode": null,
            "root_resource_id": "e6w5z51e96",
            "tags": {},
            "tags_all": {}
          },
          "sensitive_attributes": [],
          "private": "bnVsbA=="
        }
      ]
    },
    {
      "mode": "managed",
      "type": "aws_api_gateway_stage",
      "name": "prod_stage",
      "provider": "provider[\"registry.terraform.io/hashicorp/aws\"]",
      "instances": [
        {
          "schema_version": 0,
          "attributes": {
            "access_log_settings": [],
            "arn": "arn:aws:apigateway:us-east-1::/restapis/8q7sjnyg7d/stages/prod",
            "cache_cluster_enabled": false,
            "cache_cluster_size": "",
            "canary_settings": [],
            "client_certificate_id": "",
            "deployment_id": "dxhqlw",
            "description": "",
            "documentation_version": "",
            "execution_arn": "arn:aws:execute-api:us-east-1:765147163480:8q7sjnyg7d/prod",
            "id": "ags-8q7sjnyg7d-prod",
            "invoke_url": "https://8q7sjnyg7d.execute-api.us-east-1.amazonaws.com/prod",
            "rest_api_id": "8q7sjnyg7d",
            "stage_name": "prod",
            "tags": {},
            "tags_all": {},
            "variables": {},
            "web_acl_arn": "",
            "xray_tracing_enabled": false
          },
          "sensitive_attributes": [],
          "private": "bnVsbA==",
          "dependencies": [
            "aws_api_gateway_deployment.api_deployment",
            "aws_api_gateway_integration.lambda_integration",
            "aws_api_gateway_method.get_acompanhamentos",
            "aws_api_gateway_resource.acompanhamentos_path",
            "aws_api_gateway_resource.acompanhamentos_resource",
            "aws_api_gateway_resource.id_path",
            "aws_api_gateway_resource.v1_resource",
            "aws_api_gateway_rest_api.acompanhamento_api",
            "aws_lambda_function.api_lambda",
            "aws_s3_bucket.lambda_code_acompanhamento",
            "aws_s3_object.lambda_api_code"
          ]
        }
      ]
    },
    {
      "mode": "managed",
      "type": "aws_api_gateway_usage_plan",
      "name": "usage_plan",
      "provider": "provider[\"registry.terraform.io/hashicorp/aws\"]",
      "instances": [
        {
          "schema_version": 0,
          "attributes": {
            "api_stages": [
              {
                "api_id": "8q7sjnyg7d",
                "stage": "prod",
                "throttle": []
              }
            ],
            "arn": "arn:aws:apigateway:us-east-1::/usageplans/epfg34",
            "description": "",
            "id": "epfg34",
            "name": "AcompanhamentoAPIUsagePlan",
            "product_code": "",
            "quota_settings": [
              {
                "limit": 1000,
                "offset": 0,
                "period": "MONTH"
              }
            ],
            "tags": {},
            "tags_all": {},
            "throttle_settings": [
              {
                "burst_limit": 1000,
                "rate_limit": 1000
              }
            ]
          },
          "sensitive_attributes": [],
          "private": "bnVsbA==",
          "dependencies": [
            "aws_api_gateway_deployment.api_deployment",
            "aws_api_gateway_integration.lambda_integration",
            "aws_api_gateway_method.get_acompanhamentos",
            "aws_api_gateway_resource.acompanhamentos_path",
            "aws_api_gateway_resource.acompanhamentos_resource",
            "aws_api_gateway_resource.id_path",
            "aws_api_gateway_resource.v1_resource",
            "aws_api_gateway_rest_api.acompanhamento_api",
            "aws_api_gateway_stage.prod_stage",
            "aws_lambda_function.api_lambda",
            "aws_s3_bucket.lambda_code_acompanhamento",
            "aws_s3_object.lambda_api_code"
          ]
        }
      ]
    },
    {
      "mode": "managed",
      "type": "aws_api_gateway_usage_plan_key",
      "name": "usage_plan_key",
      "provider": "provider[\"registry.terraform.io/hashicorp/aws\"]",
      "instances": [
        {
          "schema_version": 0,
          "attributes": {
            "id": "2q5cqq81u7",
            "key_id": "2q5cqq81u7",
            "key_type": "API_KEY",
            "name": "AcompanhamentoAPIKey",
            "usage_plan_id": "epfg34",
            "value": "Q1woEjLsoU1z2k6w5XME23FFlzFbQDOE9ilcWgHu"
          },
          "sensitive_attributes": [],
          "private": "bnVsbA==",
          "dependencies": [
            "aws_api_gateway_api_key.api_key",
            "aws_api_gateway_deployment.api_deployment",
            "aws_api_gateway_integration.lambda_integration",
            "aws_api_gateway_method.get_acompanhamentos",
            "aws_api_gateway_resource.acompanhamentos_path",
            "aws_api_gateway_resource.acompanhamentos_resource",
            "aws_api_gateway_resource.id_path",
            "aws_api_gateway_resource.v1_resource",
            "aws_api_gateway_rest_api.acompanhamento_api",
            "aws_api_gateway_stage.prod_stage",
            "aws_api_gateway_usage_plan.usage_plan",
            "aws_lambda_function.api_lambda",
            "aws_s3_bucket.lambda_code_acompanhamento",
            "aws_s3_object.lambda_api_code"
          ]
        }
      ]
    },
    {
      "mode": "managed",
      "type": "aws_dynamodb_table",
      "name": "acompanhamento_processo",
      "provider": "provider[\"registry.terraform.io/hashicorp/aws\"]",
      "instances": [
        {
          "schema_version": 1,
          "attributes": {
            "arn": "arn:aws:dynamodb:us-east-1:765147163480:table/AcompanhamentoProcesso",
            "attribute": [
              {
                "name": "id_usuario",
                "type": "S"
              }
            ],
            "billing_mode": "PAY_PER_REQUEST",
            "deletion_protection_enabled": false,
            "global_secondary_index": [],
            "hash_key": "id_usuario",
            "id": "AcompanhamentoProcesso",
            "import_table": [],
            "local_secondary_index": [],
            "name": "AcompanhamentoProcesso",
            "on_demand_throughput": [],
            "point_in_time_recovery": [
              {
                "enabled": false
              }
            ],
            "range_key": null,
            "read_capacity": 0,
            "replica": [],
            "restore_date_time": null,
            "restore_source_name": null,
            "restore_source_table_arn": null,
            "restore_to_latest_time": null,
            "server_side_encryption": [],
            "stream_arn": "",
            "stream_enabled": false,
            "stream_label": "",
            "stream_view_type": "",
            "table_class": "STANDARD",
            "tags": {
              "Environment": "PRD"
            },
            "tags_all": {
              "Environment": "PRD"
            },
            "timeouts": null,
            "ttl": [
              {
                "attribute_name": "",
                "enabled": false
              }
            ],
            "write_capacity": 0
          },
          "sensitive_attributes": [],
          "private": "eyJlMmJmYjczMC1lY2FhLTExZTYtOGY4OC0zNDM2M2JjN2M0YzAiOnsiY3JlYXRlIjoxODAwMDAwMDAwMDAwLCJkZWxldGUiOjYwMDAwMDAwMDAwMCwidXBkYXRlIjozNjAwMDAwMDAwMDAwfSwic2NoZW1hX3ZlcnNpb24iOiIxIn0="
        }
      ]
    },
    {
      "mode": "managed",
      "type": "aws_lambda_event_source_mapping",
      "name": "sqs_trigger",
      "provider": "provider[\"registry.terraform.io/hashicorp/aws\"]",
      "instances": [
        {
          "schema_version": 0,
          "attributes": {
            "amazon_managed_kafka_event_source_config": [],
            "arn": "arn:aws:lambda:us-east-1:765147163480:event-source-mapping:8313969d-bcf1-461f-b677-41877725e780",
            "batch_size": 10,
            "bisect_batch_on_function_error": false,
            "destination_config": [],
            "document_db_event_source_config": [],
            "enabled": true,
            "event_source_arn": "arn:aws:sqs:us-east-1:765147163480:queue-acompanhamento",
            "filter_criteria": [],
            "function_arn": "arn:aws:lambda:us-east-1:765147163480:function:AcompanhamentoSQS",
            "function_name": "arn:aws:lambda:us-east-1:765147163480:function:AcompanhamentoSQS",
            "function_response_types": [],
            "id": "8313969d-bcf1-461f-b677-41877725e780",
            "kms_key_arn": "",
            "last_modified": "2025-01-14T21:50:00Z",
            "last_processing_result": "",
            "maximum_batching_window_in_seconds": 0,
            "maximum_record_age_in_seconds": 0,
            "maximum_retry_attempts": 0,
            "metrics_config": [],
            "parallelization_factor": 0,
            "provisioned_poller_config": [],
            "queues": [],
            "scaling_config": [],
            "self_managed_event_source": [],
            "self_managed_kafka_event_source_config": [],
            "source_access_configuration": [],
            "starting_position": "",
            "starting_position_timestamp": "",
            "state": "Enabled",
            "state_transition_reason": "USER_INITIATED",
            "tags": {},
            "tags_all": {},
            "topics": [],
            "tumbling_window_in_seconds": 0,
            "uuid": "8313969d-bcf1-461f-b677-41877725e780"
          },
          "sensitive_attributes": [],
          "private": "bnVsbA==",
          "dependencies": [
            "aws_lambda_function.sqs_lambda",
            "aws_s3_bucket.lambda_code_acompanhamento",
            "aws_s3_object.lambda_sqs_code",
            "aws_sqs_queue.queue_acompanhamento"
          ]
        }
      ]
    },
    {
      "mode": "managed",
      "type": "aws_lambda_function",
      "name": "api_lambda",
      "provider": "provider[\"registry.terraform.io/hashicorp/aws\"]",
      "instances": [
        {
          "schema_version": 0,
          "attributes": {
            "architectures": [
              "x86_64"
            ],
            "arn": "arn:aws:lambda:us-east-1:765147163480:function:AcompanhamentoAPI",
            "code_sha256": "LyKujMv5Py4FdZ6BGeMdUHn2DLyHorXgwqnH1NVq59A=",
            "code_signing_config_arn": "",
            "dead_letter_config": [],
            "description": "",
            "environment": [],
            "ephemeral_storage": [
              {
                "size": 512
              }
            ],
            "file_system_config": [],
            "filename": null,
            "function_name": "AcompanhamentoAPI",
            "handler": "app.main.handler",
            "id": "AcompanhamentoAPI",
            "image_config": [],
            "image_uri": "",
            "invoke_arn": "arn:aws:apigateway:us-east-1:lambda:path/2015-03-31/functions/arn:aws:lambda:us-east-1:765147163480:function:AcompanhamentoAPI/invocations",
            "kms_key_arn": "",
            "last_modified": "2025-01-14T21:49:52.403+0000",
            "layers": [],
            "logging_config": [
              {
                "application_log_level": "",
                "log_format": "Text",
                "log_group": "/aws/lambda/AcompanhamentoAPI",
                "system_log_level": ""
              }
            ],
            "memory_size": 128,
            "package_type": "Zip",
            "publish": false,
            "qualified_arn": "arn:aws:lambda:us-east-1:765147163480:function:AcompanhamentoAPI:$LATEST",
            "qualified_invoke_arn": "arn:aws:apigateway:us-east-1:lambda:path/2015-03-31/functions/arn:aws:lambda:us-east-1:765147163480:function:AcompanhamentoAPI:$LATEST/invocations",
            "replace_security_groups_on_destroy": null,
            "replacement_security_group_ids": null,
            "reserved_concurrent_executions": -1,
            "role": "arn:aws:iam::765147163480:role/LabRole",
            "runtime": "python3.10",
            "s3_bucket": "lambda-code-acompanhamento",
            "s3_key": "lambda-api.zip",
            "s3_object_version": null,
            "signing_job_arn": "",
            "signing_profile_version_arn": "",
            "skip_destroy": false,
            "snap_start": [],
            "source_code_hash": "LyKujMv5Py4FdZ6BGeMdUHn2DLyHorXgwqnH1NVq59A=",
            "source_code_size": 22420728,
            "tags": {},
            "tags_all": {},
            "timeout": 30,
            "timeouts": null,
            "tracing_config": [
              {
                "mode": "PassThrough"
              }
            ],
            "version": "$LATEST",
            "vpc_config": []
          },
          "sensitive_attributes": [],
          "private": "eyJlMmJmYjczMC1lY2FhLTExZTYtOGY4OC0zNDM2M2JjN2M0YzAiOnsiY3JlYXRlIjo2MDAwMDAwMDAwMDAsImRlbGV0ZSI6NjAwMDAwMDAwMDAwLCJ1cGRhdGUiOjYwMDAwMDAwMDAwMH19",
          "dependencies": [
            "aws_s3_bucket.lambda_code_acompanhamento",
            "aws_s3_object.lambda_api_code"
          ]
        }
      ]
    },
    {
      "mode": "managed",
      "type": "aws_lambda_function",
      "name": "sqs_lambda",
      "provider": "provider[\"registry.terraform.io/hashicorp/aws\"]",
      "instances": [
        {
          "schema_version": 0,
          "attributes": {
            "architectures": [
              "x86_64"
            ],
            "arn": "arn:aws:lambda:us-east-1:765147163480:function:AcompanhamentoSQS",
            "code_sha256": "LyKujMv5Py4FdZ6BGeMdUHn2DLyHorXgwqnH1NVq59A=",
            "code_signing_config_arn": "",
            "dead_letter_config": [],
            "description": "",
            "environment": [],
            "ephemeral_storage": [
              {
                "size": 512
              }
            ],
            "file_system_config": [],
            "filename": null,
            "function_name": "AcompanhamentoSQS",
            "handler": "app.sqs_handler.handler",
            "id": "AcompanhamentoSQS",
            "image_config": [],
            "image_uri": "",
            "invoke_arn": "arn:aws:apigateway:us-east-1:lambda:path/2015-03-31/functions/arn:aws:lambda:us-east-1:765147163480:function:AcompanhamentoSQS/invocations",
            "kms_key_arn": "",
            "last_modified": "2025-01-14T21:49:52.746+0000",
            "layers": [],
            "logging_config": [
              {
                "application_log_level": "",
                "log_format": "Text",
                "log_group": "/aws/lambda/AcompanhamentoSQS",
                "system_log_level": ""
              }
            ],
            "memory_size": 128,
            "package_type": "Zip",
            "publish": false,
            "qualified_arn": "arn:aws:lambda:us-east-1:765147163480:function:AcompanhamentoSQS:$LATEST",
            "qualified_invoke_arn": "arn:aws:apigateway:us-east-1:lambda:path/2015-03-31/functions/arn:aws:lambda:us-east-1:765147163480:function:AcompanhamentoSQS:$LATEST/invocations",
            "replace_security_groups_on_destroy": null,
            "replacement_security_group_ids": null,
            "reserved_concurrent_executions": -1,
            "role": "arn:aws:iam::765147163480:role/LabRole",
            "runtime": "python3.10",
            "s3_bucket": "lambda-code-acompanhamento",
            "s3_key": "lambda-api.zip",
            "s3_object_version": null,
            "signing_job_arn": "",
            "signing_profile_version_arn": "",
            "skip_destroy": false,
            "snap_start": [],
            "source_code_hash": "LyKujMv5Py4FdZ6BGeMdUHn2DLyHorXgwqnH1NVq59A=",
            "source_code_size": 22420728,
            "tags": {},
            "tags_all": {},
            "timeout": 30,
            "timeouts": null,
            "tracing_config": [
              {
                "mode": "PassThrough"
              }
            ],
            "version": "$LATEST",
            "vpc_config": []
          },
          "sensitive_attributes": [],
          "private": "eyJlMmJmYjczMC1lY2FhLTExZTYtOGY4OC0zNDM2M2JjN2M0YzAiOnsiY3JlYXRlIjo2MDAwMDAwMDAwMDAsImRlbGV0ZSI6NjAwMDAwMDAwMDAwLCJ1cGRhdGUiOjYwMDAwMDAwMDAwMH19",
          "dependencies": [
            "aws_s3_bucket.lambda_code_acompanhamento",
            "aws_s3_object.lambda_sqs_code"
          ]
        }
      ]
    },
    {
      "mode": "managed",
      "type": "aws_lambda_permission",
      "name": "allow_sqs",
      "provider": "provider[\"registry.terraform.io/hashicorp/aws\"]",
      "instances": [
        {
          "schema_version": 0,
          "attributes": {
            "action": "lambda:InvokeFunction",
            "event_source_token": null,
            "function_name": "AcompanhamentoSQS",
            "function_url_auth_type": null,
            "id": "AllowSQSTrigger",
            "principal": "sqs.amazonaws.com",
            "principal_org_id": null,
            "qualifier": "",
            "source_account": null,
            "source_arn": "arn:aws:sqs:us-east-1:765147163480:queue-acompanhamento",
            "statement_id": "AllowSQSTrigger",
            "statement_id_prefix": ""
          },
          "sensitive_attributes": [],
          "private": "bnVsbA==",
          "dependencies": [
            "aws_lambda_function.sqs_lambda",
            "aws_s3_bucket.lambda_code_acompanhamento",
            "aws_s3_object.lambda_sqs_code",
            "aws_sqs_queue.queue_acompanhamento"
          ]
        }
      ]
    },
    {
      "mode": "managed",
      "type": "aws_lambda_permission",
      "name": "api_gateway_permission",
      "provider": "provider[\"registry.terraform.io/hashicorp/aws\"]",
      "instances": [
        {
          "schema_version": 0,
          "attributes": {
            "action": "lambda:InvokeFunction",
            "event_source_token": null,
            "function_name": "arn:aws:lambda:us-east-1:765147163480:function:AcompanhamentoAPI",
            "function_url_auth_type": null,
            "id": "AllowAPIGatewayInvoke",
            "principal": "apigateway.amazonaws.com",
            "principal_org_id": null,
            "qualifier": "",
            "source_account": null,
            "source_arn": "arn:aws:execute-api:us-east-1:765147163480:8q7sjnyg7d/*/*",
            "statement_id": "AllowAPIGatewayInvoke",
            "statement_id_prefix": ""
          },
          "sensitive_attributes": [],
          "private": "bnVsbA==",
          "dependencies": [
            "aws_api_gateway_rest_api.acompanhamento_api",
            "aws_lambda_function.api_lambda",
            "aws_s3_bucket.lambda_code_acompanhamento",
            "aws_s3_object.lambda_api_code"
          ]
        }
      ]
    },
    {
      "mode": "managed",
      "type": "aws_s3_bucket",
      "name": "lambda_code_acompanhamento",
      "provider": "provider[\"registry.terraform.io/hashicorp/aws\"]",
      "instances": [
        {
          "schema_version": 0,
          "attributes": {
            "acceleration_status": "",
            "acl": null,
            "arn": "arn:aws:s3:::lambda-code-acompanhamento",
            "bucket": "lambda-code-acompanhamento",
            "bucket_domain_name": "lambda-code-acompanhamento.s3.amazonaws.com",
            "bucket_prefix": "",
            "bucket_regional_domain_name": "lambda-code-acompanhamento.s3.us-east-1.amazonaws.com",
            "cors_rule": [],
            "force_destroy": false,
            "grant": [
              {
                "id": "94d73cf5561c748207e0257054f40253a28c296a7270f95480a8ba764e193082",
                "permissions": [
                  "FULL_CONTROL"
                ],
                "type": "CanonicalUser",
                "uri": ""
              }
            ],
            "hosted_zone_id": "Z3AQBSTGFYJSTF",
            "id": "lambda-code-acompanhamento",
            "lifecycle_rule": [],
            "logging": [],
            "object_lock_configuration": [],
            "object_lock_enabled": false,
            "policy": "",
            "region": "us-east-1",
            "replication_configuration": [],
            "request_payer": "BucketOwner",
            "server_side_encryption_configuration": [
              {
                "rule": [
                  {
                    "apply_server_side_encryption_by_default": [
                      {
                        "kms_master_key_id": "",
                        "sse_algorithm": "AES256"
                      }
                    ],
                    "bucket_key_enabled": false
                  }
                ]
              }
            ],
            "tags": {},
            "tags_all": {},
            "timeouts": null,
            "versioning": [
              {
                "enabled": false,
                "mfa_delete": false
              }
            ],
            "website": [],
            "website_domain": null,
            "website_endpoint": null
          },
          "sensitive_attributes": [],
          "private": "eyJlMmJmYjczMC1lY2FhLTExZTYtOGY4OC0zNDM2M2JjN2M0YzAiOnsiY3JlYXRlIjoxMjAwMDAwMDAwMDAwLCJkZWxldGUiOjM2MDAwMDAwMDAwMDAsInJlYWQiOjEyMDAwMDAwMDAwMDAsInVwZGF0ZSI6MTIwMDAwMDAwMDAwMH19"
        }
      ]
    },
    {
      "mode": "managed",
      "type": "aws_s3_object",
      "name": "lambda_api_code",
      "provider": "provider[\"registry.terraform.io/hashicorp/aws\"]",
      "instances": [
        {
          "schema_version": 0,
          "attributes": {
            "acl": null,
            "arn": "arn:aws:s3:::lambda-code-acompanhamento/lambda-api.zip",
            "bucket": "lambda-code-acompanhamento",
            "bucket_key_enabled": false,
            "cache_control": "",
            "checksum_algorithm": null,
            "checksum_crc32": "",
            "checksum_crc32c": "",
            "checksum_sha1": "",
            "checksum_sha256": "",
            "content": null,
            "content_base64": null,
            "content_disposition": "",
            "content_encoding": "",
            "content_language": "",
            "content_type": "binary/octet-stream",
            "etag": "ac18c71c3917db5a90ab7ab2b910a8eb-5",
            "force_destroy": false,
            "id": "lambda-api.zip",
            "key": "lambda-api.zip",
            "kms_key_id": null,
            "metadata": {},
            "object_lock_legal_hold_status": "",
            "object_lock_mode": "",
            "object_lock_retain_until_date": "",
            "override_provider": [],
            "server_side_encryption": "AES256",
            "source": "../lambda-api.zip",
            "source_hash": null,
            "storage_class": "STANDARD",
            "tags": {},
            "tags_all": {},
            "version_id": "",
            "website_redirect": ""
          },
          "sensitive_attributes": [],
          "private": "bnVsbA==",
          "dependencies": [
            "aws_s3_bucket.lambda_code_acompanhamento"
          ]
        }
      ]
    },
    {
      "mode": "managed",
      "type": "aws_s3_object",
      "name": "lambda_sqs_code",
      "provider": "provider[\"registry.terraform.io/hashicorp/aws\"]",
      "instances": [
        {
          "schema_version": 0,
          "attributes": {
            "acl": null,
            "arn": "arn:aws:s3:::lambda-code-acompanhamento/lambda-api.zip",
            "bucket": "lambda-code-acompanhamento",
            "bucket_key_enabled": false,
            "cache_control": "",
            "checksum_algorithm": null,
            "checksum_crc32": "",
            "checksum_crc32c": "",
            "checksum_sha1": "",
            "checksum_sha256": "",
            "content": null,
            "content_base64": null,
            "content_disposition": "",
            "content_encoding": "",
            "content_language": "",
            "content_type": "binary/octet-stream",
            "etag": "ac18c71c3917db5a90ab7ab2b910a8eb-5",
            "force_destroy": false,
            "id": "lambda-api.zip",
            "key": "lambda-api.zip",
            "kms_key_id": null,
            "metadata": {},
            "object_lock_legal_hold_status": "",
            "object_lock_mode": "",
            "object_lock_retain_until_date": "",
            "override_provider": [],
            "server_side_encryption": "AES256",
            "source": "../lambda-api.zip",
            "source_hash": null,
            "storage_class": "STANDARD",
            "tags": {},
            "tags_all": {},
            "version_id": "",
            "website_redirect": ""
          },
          "sensitive_attributes": [],
          "private": "bnVsbA==",
          "dependencies": [
            "aws_s3_bucket.lambda_code_acompanhamento"
          ]
        }
      ]
    },
    {
      "mode": "managed",
      "type": "aws_sqs_queue",
      "name": "queue_acompanhamento",
      "provider": "provider[\"registry.terraform.io/hashicorp/aws\"]",
      "instances": [
        {
          "schema_version": 0,
          "attributes": {
            "arn": "arn:aws:sqs:us-east-1:765147163480:queue-acompanhamento",
            "content_based_deduplication": false,
            "deduplication_scope": "",
            "delay_seconds": 0,
            "fifo_queue": false,
            "fifo_throughput_limit": "",
            "id": "https://sqs.us-east-1.amazonaws.com/765147163480/queue-acompanhamento",
            "kms_data_key_reuse_period_seconds": 300,
            "kms_master_key_id": "",
            "max_message_size": 262144,
            "message_retention_seconds": 345600,
            "name": "queue-acompanhamento",
            "name_prefix": "",
            "policy": "",
            "receive_wait_time_seconds": 0,
            "redrive_allow_policy": "",
            "redrive_policy": "",
            "sqs_managed_sse_enabled": true,
            "tags": {},
            "tags_all": {},
            "url": "https://sqs.us-east-1.amazonaws.com/765147163480/queue-acompanhamento",
            "visibility_timeout_seconds": 30
          },
          "sensitive_attributes": [],
          "private": "bnVsbA=="
        }
      ]
    }
  ],
  "check_results": null
}
